
Microsoft Visual Studio Solution File, Format Version 12.00
# Visual Studio Version 17
VisualStudioVersion = 17.7.34202.233
MinimumVisualStudioVersion = 10.0.40219.1
Project("{9A19103F-16F7-4668-BE54-9A1E7A4F7556}") = "ActivosControles", "ActivosControles.csproj", "{9ACF22FA-674D-4321-978D-FAF3DB145D1F}"
EndProject
Project("{9A19103F-16F7-4668-BE54-9A1E7A4F7556}") = "ActivosControles.data", "..\ActivosControles.data\ActivosControles.data.csproj", "{0A27E42E-2459-4742-A5D8-45670FA9C1E5}"
EndProject
Project("{9A19103F-16F7-4668-BE54-9A1E7A4F7556}") = "ActivosControles.model", "..\ActivosControles.model\ActivosControles.model.csproj", "{BE317247-C314-429B-B1F0-BBD84D3824AB}"
EndProject
Project("{9A19103F-16F7-4668-BE54-9A1E7A4F7556}") = "ActivosControles.util", "..\ActivosControles.util\ActivosControles.util.csproj", "{875F8DFE-D47F-43C6-B1AC-7D65CE8442B7}"
EndProject
Global
	GlobalSection(SolutionConfigurationPlatforms) = preSolution
		Debug|Any CPU = Debug|Any CPU
		Release|Any CPU = Release|Any CPU
	EndGlobalSection
	GlobalSection(ProjectConfigurationPlatforms) = postSolution
		{9ACF22FA-674D-4321-978D-FAF3DB145D1F}.Debug|Any CPU.ActiveCfg = Debug|Any CPU
		{9ACF22FA-674D-4321-978D-FAF3DB145D1F}.Debug|Any CPU.Build.0 = Debug|Any CPU
		{9ACF22FA-674D-4321-978D-FAF3DB145D1F}.Release|Any CPU.ActiveCfg = Release|Any CPU
		{9ACF22FA-674D-4321-978D-FAF3DB145D1F}.Release|Any CPU.Build.0 = Release|Any CPU
		{0A27E42E-2459-4742-A5D8-45670FA9C1E5}.Debug|Any CPU.ActiveCfg = Debug|Any CPU
		{0A27E42E-2459-4742-A5D8-45670FA9C1E5}.Debug|Any CPU.Build.0 = Debug|Any CPU
		{0A27E42E-2459-4742-A5D8-45670FA9C1E5}.Release|Any CPU.ActiveCfg = Release|Any CPU
		{0A27E42E-2459-4742-A5D8-45670FA9C1E5}.Release|Any CPU.Build.0 = Release|Any CPU
		{BE317247-C314-429B-B1F0-BBD84D3824AB}.Debug|Any CPU.ActiveCfg = Debug|Any CPU
		{BE317247-C314-429B-B1F0-BBD84D3824AB}.Debug|Any CPU.Build.0 = Debug|Any CPU
		{BE317247-C314-429B-B1F0-BBD84D3824AB}.Release|Any CPU.ActiveCfg = Release|Any CPU
		{BE317247-C314-429B-B1F0-BBD84D3824AB}.Release|Any CPU.Build.0 = Release|Any CPU
		{875F8DFE-D47F-43C6-B1AC-7D65CE8442B7}.Debug|Any CPU.ActiveCfg = Debug|Any CPU
		{875F8DFE-D47F-43C6-B1AC-7D65CE8442B7}.Debug|Any CPU.Build.0 = Debug|Any CPU
		{875F8DFE-D47F-43C6-B1AC-7D65CE8442B7}.Release|Any CPU.ActiveCfg = Release|Any CPU
		{875F8DFE-D47F-43C6-B1AC-7D65CE8442B7}.Release|Any CPU.Build.0 = Release|Any CPU
	EndGlobalSection
	GlobalSection(SolutionProperties) = preSolution
		HideSolutionNode = FALSE
	EndGlobalSection
	GlobalSection(ExtensibilityGlobals) = postSolution
		SolutionGuid = {5CDE394D-A64B-43C4-9DFF-DE1C7DC68C75}
	EndGlobalSection
EndGlobal
